
Microsoft Visual Studio Solution File, Format Version 12.00
# Visual Studio Version 16
VisualStudioVersion = 16.0.29806.167
MinimumVisualStudioVersion = 10.0.40219.1
Project("{FAE04EC0-301F-11D3-BF4B-00C04F79EFBC}") = "WebApplication1", "WebApplication1\WebApplication1.csproj", "{EBD6A7FB-6668-4947-8DFA-AD3C8A15425E}"
EndProject
Global
	GlobalSection(SolutionConfigurationPlatforms) = preSolution
		Debug|Any CPU = Debug|Any CPU
		Release|Any CPU = Release|Any CPU
	EndGlobalSection
	GlobalSection(ProjectConfigurationPlatforms) = postSolution
		{EBD6A7FB-6668-4947-8DFA-AD3C8A15425E}.Debug|Any CPU.ActiveCfg = Debug|Any CPU
		{EBD6A7FB-6668-4947-8DFA-AD3C8A15425E}.Debug|Any CPU.Build.0 = Debug|Any CPU
		{EBD6A7FB-6668-4947-8DFA-AD3C8A15425E}.Release|Any CPU.ActiveCfg = Release|Any CPU
		{EBD6A7FB-6668-4947-8DFA-AD3C8A15425E}.Release|Any CPU.Build.0 = Release|Any CPU
	EndGlobalSection
	GlobalSection(SolutionProperties) = preSolution
		HideSolutionNode = FALSE
	EndGlobalSection
	GlobalSection(ExtensibilityGlobals) = postSolution
		SolutionGuid = {2EF8209F-0D1D-449F-97B2-9A5AAC8BCF74}
	EndGlobalSection
EndGlobal
